
Microsoft Visual Studio Solution File, Format Version 12.00
# Visual Studio 15
VisualStudioVersion = 15.0.26730.16
MinimumVisualStudioVersion = 10.0.40219.1
Project("{8BC9CEB8-8B4A-11D0-8D11-00A0C91BC942}") = "DES Engine", "DES Engine\DES Engine.vcxproj", "{06F9E248-5CB5-4A2D-807A-FA97A06B999B}"
EndProject
Global
	GlobalSection(SolutionConfigurationPlatforms) = preSolution
		Debug|x64 = Debug|x64
		Debug|x86 = Debug|x86
		Release|x64 = Release|x64
		Release|x86 = Release|x86
	EndGlobalSection
	GlobalSection(ProjectConfigurationPlatforms) = postSolution
		{06F9E248-5CB5-4A2D-807A-FA97A06B999B}.Debug|x64.ActiveCfg = Debug|x64
		{06F9E248-5CB5-4A2D-807A-FA97A06B999B}.Debug|x64.Build.0 = Debug|x64
		{06F9E248-5CB5-4A2D-807A-FA97A06B999B}.Debug|x86.ActiveCfg = Debug|Win32
		{06F9E248-5CB5-4A2D-807A-FA97A06B999B}.Debug|x86.Build.0 = Debug|Win32
		{06F9E248-5CB5-4A2D-807A-FA97A06B999B}.Release|x64.ActiveCfg = Release|x64
		{06F9E248-5CB5-4A2D-807A-FA97A06B999B}.Release|x64.Build.0 = Release|x64
		{06F9E248-5CB5-4A2D-807A-FA97A06B999B}.Release|x86.ActiveCfg = Release|Win32
		{06F9E248-5CB5-4A2D-807A-FA97A06B999B}.Release|x86.Build.0 = Release|Win32
	EndGlobalSection
	GlobalSection(SolutionProperties) = preSolution
		HideSolutionNode = FALSE
	EndGlobalSection
	GlobalSection(ExtensibilityGlobals) = postSolution
		SolutionGuid = {210FA719-144F-424A-90BD-5339ADB90C8E}
	EndGlobalSection
EndGlobal
