<?xml version="1.0" encoding="utf-8"?>
<Project ToolsVersion="4.0" xmlns="http://schemas.microsoft.com/developer/msbuild/2003">
  <ItemGroup>
    <Filter Include="Source Files">
      <UniqueIdentifier>{4FC737F1-C7A5-4376-A066-2A32D752A2FF}</UniqueIdentifier>
      <Extensions>cpp;c;cc;cxx;def;odl;idl;hpj;bat;asm;asmx</Extensions>
    </Filter>
    <Filter Include="Header Files">
      <UniqueIdentifier>{93995380-89BD-4b04-88EB-625FBE52EBFB}</UniqueIdentifier>
      <Extensions>h;hh;hpp;hxx;hm;inl;inc;xsd</Extensions>
    </Filter>
    <Filter Include="Resource Files">
      <UniqueIdentifier>{67DA6AB6-F800-4c08-8B7A-83BB121AAD01}</UniqueIdentifier>
      <Extensions>rc;ico;cur;bmp;dlg;rc2;rct;bin;rgs;gif;jpg;jpeg;jpe;resx;tiff;tif;png;wav;mfcribbon-ms</Extensions>
    </Filter>
    <Filter Include="Header Files\Engine">
      <UniqueIdentifier>{df212891-98ef-4982-9a35-5a68501cc01f}</UniqueIdentifier>
    </Filter>
    <Filter Include="Source Files\Engine">
      <UniqueIdentifier>{3b279e75-c881-4b29-a586-1465cf75e3b3}</UniqueIdentifier>
    </Filter>
    <Filter Include="Header Files\User Events">
      <UniqueIdentifier>{ec204ae2-5cd1-4075-9ead-3d1f68c36847}</UniqueIdentifier>
    </Filter>
  </ItemGroup>
  <ItemGroup>
    <ClCompile Include="Source\Main.cpp">
      <Filter>Source Files</Filter>
    </ClCompile>
    <ClCompile Include="Source\DESEngine.cpp">
      <Filter>Source Files\Engine</Filter>
    </ClCompile>
    <ClCompile Include="Source\GlobalVariables.cpp">
      <Filter>Source Files\Engine</Filter>
    </ClCompile>
    <ClCompile Include="Source\TextParser.cpp">
      <Filter>Source Files\Engine</Filter>
    </ClCompile>
    <ClCompile Include="Source\SystemEvents.cpp">
      <Filter>Source Files\Engine</Filter>
    </ClCompile>
    <ClCompile Include="Source\EventCatalog.cpp">
      <Filter>Source Files</Filter>
    </ClCompile>
  </ItemGroup>
  <ItemGroup>
    <ClInclude Include="Source\Main.h">
      <Filter>Header Files</Filter>
    </ClInclude>
    <ClInclude Include="Source\DESEngine.h">
      <Filter>Header Files\Engine</Filter>
    </ClInclude>
    <ClInclude Include="Source\Event.h">
      <Filter>Header Files\Engine</Filter>
    </ClInclude>
    <ClInclude Include="Source\EventCatalog.h">
      <Filter>Header Files\Engine</Filter>
    </ClInclude>
    <ClInclude Include="Source\EventList.h">
      <Filter>Header Files\Engine</Filter>
    </ClInclude>
    <ClInclude Include="Source\GlobalVariables.h">
      <Filter>Header Files\Engine</Filter>
    </ClInclude>
    <ClInclude Include="Source\TextParser.h">
      <Filter>Header Files\Engine</Filter>
    </ClInclude>
    <ClInclude Include="Source\SystemEvents.h">
      <Filter>Header Files\Engine</Filter>
    </ClInclude>
    <ClInclude Include="Source\SystemManager.h">
      <Filter>Header Files\Engine</Filter>
    </ClInclude>
    <ClInclude Include="Source\UserEvents\ADD_MalFormatado.h">
      <Filter>Header Files\User Events</Filter>
    </ClInclude>
  </ItemGroup>
</Project>